
Microsoft Visual Studio Solution File, Format Version 12.00
# Visual Studio Version 17
VisualStudioVersion = 17.5.33414.496
MinimumVisualStudioVersion = 10.0.40219.1
Project("{9A19103F-16F7-4668-BE54-9A1E7A4F7556}") = "ApiMinisterioRecomeco", "ApiMinisterioRecomeco.csproj", "{1FAF7662-1AB7-4A21-A1BF-E03572B17AF1}"
EndProject
Project("{FAE04EC0-301F-11D3-BF4B-00C04F79EFBC}") = "ApiMinisterioRecomecoTest", "..\ApiMinisterioRecomecoTest\ApiMinisterioRecomecoTest.csproj", "{551F7B59-EC09-4124-BFF5-270A22A5E016}"
EndProject
Global
	GlobalSection(SolutionConfigurationPlatforms) = preSolution
		Debug|Any CPU = Debug|Any CPU
		Release|Any CPU = Release|Any CPU
	EndGlobalSection
	GlobalSection(ProjectConfigurationPlatforms) = postSolution
		{1FAF7662-1AB7-4A21-A1BF-E03572B17AF1}.Debug|Any CPU.ActiveCfg = Debug|Any CPU
		{1FAF7662-1AB7-4A21-A1BF-E03572B17AF1}.Debug|Any CPU.Build.0 = Debug|Any CPU
		{1FAF7662-1AB7-4A21-A1BF-E03572B17AF1}.Release|Any CPU.ActiveCfg = Release|Any CPU
		{1FAF7662-1AB7-4A21-A1BF-E03572B17AF1}.Release|Any CPU.Build.0 = Release|Any CPU
		{551F7B59-EC09-4124-BFF5-270A22A5E016}.Debug|Any CPU.ActiveCfg = Debug|Any CPU
		{551F7B59-EC09-4124-BFF5-270A22A5E016}.Debug|Any CPU.Build.0 = Debug|Any CPU
		{551F7B59-EC09-4124-BFF5-270A22A5E016}.Release|Any CPU.ActiveCfg = Release|Any CPU
		{551F7B59-EC09-4124-BFF5-270A22A5E016}.Release|Any CPU.Build.0 = Release|Any CPU
	EndGlobalSection
	GlobalSection(SolutionProperties) = preSolution
		HideSolutionNode = FALSE
	EndGlobalSection
	GlobalSection(ExtensibilityGlobals) = postSolution
		SolutionGuid = {9D33E66B-147E-4871-9AB9-A05BC1FB0C3A}
	EndGlobalSection
EndGlobal
